<?xml version="1.0" encoding="utf-8"?>
<Project ToolsVersion="4.0" xmlns="http://schemas.microsoft.com/developer/msbuild/2003">
  <ItemGroup>
    <ClCompile Include="Main.cpp" />
    <ClCompile Include="MainGame.cpp" />
    <ClCompile Include="stdafx.cpp" />
    <ClCompile Include="Scenes\Week 3\MinionScene.cpp" />
    <ClCompile Include="Materials\ColorMaterial.cpp" />
    <ClCompile Include="Prefabs\SpherePrefab.cpp" />
    <ClCompile Include="Prefabs\TorusPrefab.cpp" />
    <ClCompile Include="Prefabs\CubePrefab.cpp" />
    <ClCompile Include="Scenes\Week 4\UberMaterialScene.cpp" />
    <ClCompile Include="Materials\UberMaterial\UberMaterial.cpp" />
    <ClCompile Include="Materials\SpikyMaterial\SpikyMaterial.cpp" />
    <ClCompile Include="Scenes\Week 4\SpikyScene.cpp" />
    <ClCompile Include="Scenes\Week 4\SpriteTestScene.cpp" />
    <ClCompile Include="Scenes\Week 5\FontTestScene.cpp" />
    <ClCompile Include="Scenes\Week 5\PickingScene.cpp" />
    <ClCompile Include="Scenes\Week 5\CharacterScene.cpp" />
    <ClCompile Include="Prefabs\Character.cpp" />
    <ClCompile Include="Prefabs\BoneObject.cpp" />
    <ClCompile Include="Scenes\Week 6\SoftwareSkinningScene_1.cpp" />
    <ClCompile Include="Scenes\Week 6\SoftwareSkinningScene_2.cpp" />
    <ClCompile Include="Scenes\Week 6\SoftwareSkinningScene_3.cpp" />
    <ClCompile Include="Scenes\Week 7\HardwareSkinningScene.cpp" />
    <ClCompile Include="Materials\DiffuseMaterial_Skinned\DiffuseMaterial_Skinned.cpp" />
    <ClCompile Include="Materials\Shadow\DiffuseMaterial_Shadow.cpp" />
    <ClCompile Include="Materials\Shadow\DiffuseMaterial_Shadow_Skinned.cpp" />
    <ClCompile Include="Scenes\Week 8\ShadowMappingScene.cpp" />
    <ClCompile Include="Scenes\Week 9\ParticleScene.cpp" />
    <ClCompile Include="Materials\Post\PostGrayscale.cpp" />
    <ClCompile Include="Scenes\Week 10\PostProcessingScene.cpp" />
    <ClCompile Include="Materials\DiffuseMaterial\DiffuseMaterial.cpp" />
    <ClCompile Include="Materials\Post\PostBlur.cpp" />
    <ClCompile Include="Scenes\Pyre\MenuScene.cpp" />
    <ClCompile Include="Scenes\Pyre\PyreScene.cpp" />
    <ClCompile Include="Materials\Skybox\SkyboxMaterial.cpp" />
    <ClCompile Include="Prefabs\Skybox.cpp" />
    <ClCompile Include="Prefabs\Button\Button.cpp" />
    <ClCompile Include="Materials\Shadow\ColorMaterial_Shadow.cpp" />
    <ClCompile Include="Prefabs\Player\Player.cpp" />
    <ClCompile Include="Prefabs\Orb\Orb.cpp" />
    <ClCompile Include="Prefabs\Pedestal\Pedestal.cpp" />
    <ClCompile Include="Prefabs\CharacterHUD\CharacterHUD.cpp" />
    <ClCompile Include="Prefabs\Team\Team.cpp" />
    <ClCompile Include="Materials\Post\Vignette.cpp" />
    <ClCompile Include="Prefabs\Aura\Aura.cpp" />
    <ClCompile Include="Scenes\Pyre\GameOverScene.cpp" />
  </ItemGroup>
  <ItemGroup>
    <ClInclude Include="MainGame.h" />
    <ClInclude Include="stdafx.h" />
    <ClInclude Include="Scenes\Week 3\MinionScene.h" />
    <ClInclude Include="Materials\ColorMaterial.h" />
    <ClInclude Include="Prefabs\SpherePrefab.h" />
    <ClInclude Include="Prefabs\TorusPrefab.h" />
    <ClInclude Include="Prefabs\CubePrefab.h" />
    <ClInclude Include="Scenes\Week 4\UberMaterialScene.h" />
    <ClInclude Include="Materials\UberMaterial\UberMaterial.h" />
    <ClInclude Include="Materials\SpikyMaterial\SpikyMaterial.h" />
    <ClInclude Include="Scenes\Week 4\SpikyScene.h" />
    <ClInclude Include="Scenes\Week 4\SpriteTestScene.h" />
    <ClInclude Include="Scenes\Week 5\FontTestScene.h" />
    <ClInclude Include="Scenes\Week 5\PickingScene.h" />
    <ClInclude Include="Scenes\Week 5\CharacterScene.h" />
    <ClInclude Include="Prefabs\Character.h" />
    <ClInclude Include="Prefabs\BoneObject.h" />
    <ClInclude Include="Scenes\Week 6\SoftwareSkinningScene_1.h" />
    <ClInclude Include="Scenes\Week 6\SoftwareSkinningScene_2.h" />
    <ClInclude Include="Scenes\Week 6\SoftwareSkinningScene_3.h" />
    <ClInclude Include="Scenes\Week 7\HardwareSkinningScene.h" />
    <ClInclude Include="Materials\DiffuseMaterial_Skinned\DiffuseMaterial_Skinned.h" />
    <ClInclude Include="Materials\Shadow\DiffuseMaterial_Shadow.h" />
    <ClInclude Include="Materials\Shadow\DiffuseMaterial_Shadow_Skinned.h" />
    <ClInclude Include="Scenes\Week 8\ShadowMappingScene.h" />
    <ClInclude Include="Scenes\Week 9\ParticleScene.h" />
    <ClInclude Include="Materials\Post\PostGrayscale.h" />
    <ClInclude Include="Scenes\Week 10\PostProcessingScene.h" />
    <ClInclude Include="Materials\DiffuseMaterial\DiffuseMaterial.h" />
    <ClInclude Include="Materials\Post\PostBlur.h" />
    <ClInclude Include="Scenes\Pyre\MenuScene.h" />
    <ClInclude Include="Scenes\Pyre\PyreScene.h" />
    <ClInclude Include="Materials\Skybox\SkyboxMaterial.h" />
    <ClInclude Include="Prefabs\Skybox.h" />
    <ClInclude Include="Prefabs\Button\Button.h" />
    <ClInclude Include="Materials\Shadow\ColorMaterial_Shadow.h" />
    <ClInclude Include="Prefabs\Player\Player.h" />
    <ClInclude Include="Prefabs\Orb\Orb.h" />
    <ClInclude Include="Prefabs\Pedestal\Pedestal.h" />
    <ClInclude Include="Prefabs\CharacterHUD\CharacterHUD.h" />
    <ClInclude Include="Prefabs\Team\Team.h" />
    <ClInclude Include="Materials\Post\Vignette.h" />
    <ClInclude Include="Prefabs\Aura\Aura.h" />
    <ClInclude Include="Scenes\Pyre\GameOverScene.h" />
  </ItemGroup>
</Project>